
Microsoft Visual Studio Solution File, Format Version 12.00
# Visual Studio Version 17
VisualStudioVersion = 17.12.35527.113 d17.12
MinimumVisualStudioVersion = 10.0.40219.1
Project("{D2ABAB84-BF74-430A-B69E-9DC6D40DDA17}") = "DWH_gravity_Books_SSAS", "DWH_gravity_Books_SSAS.dwproj", "{633F3FB9-D986-4A0A-81C5-E5868387E82A}"
EndProject
Global
	GlobalSection(SolutionConfigurationPlatforms) = preSolution
		Development|Default = Development|Default
	EndGlobalSection
	GlobalSection(ProjectConfigurationPlatforms) = postSolution
		{633F3FB9-D986-4A0A-81C5-E5868387E82A}.Development|Default.ActiveCfg = Development
		{633F3FB9-D986-4A0A-81C5-E5868387E82A}.Development|Default.Build.0 = Development
		{633F3FB9-D986-4A0A-81C5-E5868387E82A}.Development|Default.Deploy.0 = Development
	EndGlobalSection
	GlobalSection(SolutionProperties) = preSolution
		HideSolutionNode = FALSE
	EndGlobalSection
EndGlobal
